
Microsoft Visual Studio Solution File, Format Version 12.00
# Visual Studio Version 16
VisualStudioVersion = 16.0.30204.135
MinimumVisualStudioVersion = 10.0.40219.1
Project("{FAE04EC0-301F-11D3-BF4B-00C04F79EFBC}") = "Bot Discord.Twitch", "Bot Discord.Twitch\Bot Discord.Twitch.csproj", "{A3A5FDEB-1710-4BD0-AE7B-D4EF1C867B2E}"
EndProject
Global
	GlobalSection(SolutionConfigurationPlatforms) = preSolution
		Debug|Any CPU = Debug|Any CPU
		Release|Any CPU = Release|Any CPU
	EndGlobalSection
	GlobalSection(ProjectConfigurationPlatforms) = postSolution
		{A3A5FDEB-1710-4BD0-AE7B-D4EF1C867B2E}.Debug|Any CPU.ActiveCfg = Debug|Any CPU
		{A3A5FDEB-1710-4BD0-AE7B-D4EF1C867B2E}.Debug|Any CPU.Build.0 = Debug|Any CPU
		{A3A5FDEB-1710-4BD0-AE7B-D4EF1C867B2E}.Release|Any CPU.ActiveCfg = Release|Any CPU
		{A3A5FDEB-1710-4BD0-AE7B-D4EF1C867B2E}.Release|Any CPU.Build.0 = Release|Any CPU
	EndGlobalSection
	GlobalSection(SolutionProperties) = preSolution
		HideSolutionNode = FALSE
	EndGlobalSection
	GlobalSection(ExtensibilityGlobals) = postSolution
		SolutionGuid = {199E5E61-875B-47B0-A6B0-F99305E96064}
	EndGlobalSection
EndGlobal
